
Microsoft Visual Studio Solution File, Format Version 12.00
# Visual Studio Version 17
VisualStudioVersion = 17.1.32421.90
MinimumVisualStudioVersion = 10.0.40219.1
Project("{FAE04EC0-301F-11D3-BF4B-00C04F79EFBC}") = "WpfBVimmo", "WpfBVimmo.csproj", "{9E6A6215-7B1B-4709-B5E2-3311F884FB10}"
EndProject
Project("{FAE04EC0-301F-11D3-BF4B-00C04F79EFBC}") = "WpfBVimmo.UnitTests", "..\WpfBVimmo.UnitTests\WpfBVimmo.UnitTests.csproj", "{A56B3176-2294-49FE-8B88-5674A0CE6912}"
EndProject
Global
	GlobalSection(SolutionConfigurationPlatforms) = preSolution
		Debug|Any CPU = Debug|Any CPU
		Release|Any CPU = Release|Any CPU
	EndGlobalSection
	GlobalSection(ProjectConfigurationPlatforms) = postSolution
		{9E6A6215-7B1B-4709-B5E2-3311F884FB10}.Debug|Any CPU.ActiveCfg = Debug|Any CPU
		{9E6A6215-7B1B-4709-B5E2-3311F884FB10}.Debug|Any CPU.Build.0 = Debug|Any CPU
		{9E6A6215-7B1B-4709-B5E2-3311F884FB10}.Release|Any CPU.ActiveCfg = Release|Any CPU
		{9E6A6215-7B1B-4709-B5E2-3311F884FB10}.Release|Any CPU.Build.0 = Release|Any CPU
		{A56B3176-2294-49FE-8B88-5674A0CE6912}.Debug|Any CPU.ActiveCfg = Debug|Any CPU
		{A56B3176-2294-49FE-8B88-5674A0CE6912}.Debug|Any CPU.Build.0 = Debug|Any CPU
		{A56B3176-2294-49FE-8B88-5674A0CE6912}.Release|Any CPU.ActiveCfg = Release|Any CPU
		{A56B3176-2294-49FE-8B88-5674A0CE6912}.Release|Any CPU.Build.0 = Release|Any CPU
	EndGlobalSection
	GlobalSection(SolutionProperties) = preSolution
		HideSolutionNode = FALSE
	EndGlobalSection
	GlobalSection(ExtensibilityGlobals) = postSolution
		SolutionGuid = {52E635A5-1A90-4997-9045-B744A30469B2}
	EndGlobalSection
EndGlobal
